
Microsoft Visual Studio Solution File, Format Version 12.00
# Visual Studio Version 17
VisualStudioVersion = 17.0.31903.59
MinimumVisualStudioVersion = 10.0.40219.1
Project("{2150E333-8FDC-42A3-9474-1A3956D46DE8}") = "src", "src", "{827E0CD3-B72D-47B6-A68D-7590B98EB39B}"
EndProject
Project("{FAE04EC0-301F-11D3-BF4B-00C04F79EFBC}") = "PathimeSharp", "src\PathimeSharp\PathimeSharp.csproj", "{5FCFC531-4D29-4584-B694-1F4EB3B8D3CF}"
EndProject
Project("{FAE04EC0-301F-11D3-BF4B-00C04F79EFBC}") = "PathimeSharp.Tests", "tests\PathimeSharp.Tests\PathimeSharp.Tests.csproj", "{3B94ED39-42CE-4308-9747-351852443299}"
EndProject
Project("{FAE04EC0-301F-11D3-BF4B-00C04F79EFBC}") = "PathimeSharp.Demo", "demo\PathimeSharp.Demo\PathimeSharp.Demo.csproj", "{36296535-EE7D-4FDF-805A-9E5182054622}"
EndProject
Global
	GlobalSection(SolutionConfigurationPlatforms) = preSolution
		Debug|Any CPU = Debug|Any CPU
		Debug|x64 = Debug|x64
		Debug|x86 = Debug|x86
		Release|Any CPU = Release|Any CPU
		Release|x64 = Release|x64
		Release|x86 = Release|x86
	EndGlobalSection
	GlobalSection(ProjectConfigurationPlatforms) = postSolution
		{5FCFC531-4D29-4584-B694-1F4EB3B8D3CF}.Debug|Any CPU.ActiveCfg = Debug|Any CPU
		{5FCFC531-4D29-4584-B694-1F4EB3B8D3CF}.Debug|Any CPU.Build.0 = Debug|Any CPU
		{5FCFC531-4D29-4584-B694-1F4EB3B8D3CF}.Debug|x64.ActiveCfg = Debug|Any CPU
		{5FCFC531-4D29-4584-B694-1F4EB3B8D3CF}.Debug|x64.Build.0 = Debug|Any CPU
		{5FCFC531-4D29-4584-B694-1F4EB3B8D3CF}.Debug|x86.ActiveCfg = Debug|Any CPU
		{5FCFC531-4D29-4584-B694-1F4EB3B8D3CF}.Debug|x86.Build.0 = Debug|Any CPU
		{5FCFC531-4D29-4584-B694-1F4EB3B8D3CF}.Release|Any CPU.ActiveCfg = Release|Any CPU
		{5FCFC531-4D29-4584-B694-1F4EB3B8D3CF}.Release|Any CPU.Build.0 = Release|Any CPU
		{5FCFC531-4D29-4584-B694-1F4EB3B8D3CF}.Release|x64.ActiveCfg = Release|Any CPU
		{5FCFC531-4D29-4584-B694-1F4EB3B8D3CF}.Release|x64.Build.0 = Release|Any CPU
		{5FCFC531-4D29-4584-B694-1F4EB3B8D3CF}.Release|x86.ActiveCfg = Release|Any CPU
		{5FCFC531-4D29-4584-B694-1F4EB3B8D3CF}.Release|x86.Build.0 = Release|Any CPU
		{3B94ED39-42CE-4308-9747-351852443299}.Debug|Any CPU.ActiveCfg = Debug|Any CPU
		{3B94ED39-42CE-4308-9747-351852443299}.Debug|Any CPU.Build.0 = Debug|Any CPU
		{3B94ED39-42CE-4308-9747-351852443299}.Debug|x64.ActiveCfg = Debug|Any CPU
		{3B94ED39-42CE-4308-9747-351852443299}.Debug|x64.Build.0 = Debug|Any CPU
		{3B94ED39-42CE-4308-9747-351852443299}.Debug|x86.ActiveCfg = Debug|Any CPU
		{3B94ED39-42CE-4308-9747-351852443299}.Debug|x86.Build.0 = Debug|Any CPU
		{3B94ED39-42CE-4308-9747-351852443299}.Release|Any CPU.ActiveCfg = Release|Any CPU
		{3B94ED39-42CE-4308-9747-351852443299}.Release|Any CPU.Build.0 = Release|Any CPU
		{3B94ED39-42CE-4308-9747-351852443299}.Release|x64.ActiveCfg = Release|Any CPU
		{3B94ED39-42CE-4308-9747-351852443299}.Release|x64.Build.0 = Release|Any CPU
		{3B94ED39-42CE-4308-9747-351852443299}.Release|x86.ActiveCfg = Release|Any CPU
		{3B94ED39-42CE-4308-9747-351852443299}.Release|x86.Build.0 = Release|Any CPU
		{36296535-EE7D-4FDF-805A-9E5182054622}.Debug|Any CPU.ActiveCfg = Debug|Any CPU
		{36296535-EE7D-4FDF-805A-9E5182054622}.Debug|Any CPU.Build.0 = Debug|Any CPU
		{36296535-EE7D-4FDF-805A-9E5182054622}.Debug|x64.ActiveCfg = Debug|Any CPU
		{36296535-EE7D-4FDF-805A-9E5182054622}.Debug|x64.Build.0 = Debug|Any CPU
		{36296535-EE7D-4FDF-805A-9E5182054622}.Debug|x86.ActiveCfg = Debug|Any CPU
		{36296535-EE7D-4FDF-805A-9E5182054622}.Debug|x86.Build.0 = Debug|Any CPU
		{36296535-EE7D-4FDF-805A-9E5182054622}.Release|Any CPU.ActiveCfg = Release|Any CPU
		{36296535-EE7D-4FDF-805A-9E5182054622}.Release|Any CPU.Build.0 = Release|Any CPU
		{36296535-EE7D-4FDF-805A-9E5182054622}.Release|x64.ActiveCfg = Release|Any CPU
		{36296535-EE7D-4FDF-805A-9E5182054622}.Release|x64.Build.0 = Release|Any CPU
		{36296535-EE7D-4FDF-805A-9E5182054622}.Release|x86.ActiveCfg = Release|Any CPU
		{36296535-EE7D-4FDF-805A-9E5182054622}.Release|x86.Build.0 = Release|Any CPU
	EndGlobalSection
	GlobalSection(SolutionProperties) = preSolution
		HideSolutionNode = FALSE
	EndGlobalSection
	GlobalSection(NestedProjects) = preSolution
		{5FCFC531-4D29-4584-B694-1F4EB3B8D3CF} = {827E0CD3-B72D-47B6-A68D-7590B98EB39B}
		{3B94ED39-42CE-4308-9747-351852443299} = {827E0CD3-B72D-47B6-A68D-7590B98EB39B}
		{36296535-EE7D-4FDF-805A-9E5182054622} = {827E0CD3-B72D-47B6-A68D-7590B98EB39B}
	EndGlobalSection
EndGlobal
